hash: 83d06964b7dd5d03ba17ff6ce9f6ea8e52c045ab3244618847a0790a61801df5
updated: 2016-05-09T23:46:07.39720649+08:00
imports:
- name: github.com/bcho/timespan
  version: ""
  repo: https://github.com/bcho/timespan
- name: github.com/joho/godotenv
  version: ""
  repo: https://github.com/joho/godotenv
  subpackages:
  - autoload
- name: github.com/medium/medium-sdk-go
  version: 6793afb44e5b6b265526292feecc7385c88e8718
- name: github.com/mvdan/xurls
  version: ""
  repo: https://github.com/mvdan/xurls
- name: github.com/technoweenie/multipartstreamer
  version: ""
  repo: https://github.com/technoweenie/multipartstreamer
- name: golang.org/x/net
  version: ""
  repo: https://go.googlesource.com/net
  subpackages:
  - idna
- name: gopkg.in/telegram-bot-api.v1
  version: ""
  repo: https://gopkg.in/telegram-bot-api.v1
devImports: []
